{
  "version": 1,
  "dependencies": {
    "net8.0": {
      "Avalonia": {
        "type": "Transitive",
        "resolved": "12.0.5",
        "contentHash": "eGDbwos1AMlOaXnGN5IQ+JGG3RViFFuyN3GP70irOSbqZt4H9A6quIP6uVFVni/bBczmt5ELGuHzN+lkLQSD1A==",
        "dependencies": {
          "Avalonia.BuildServices": "11.3.2",
          "Avalonia.Remote.Protocol": "12.0.5",
          "MicroCom.Runtime": "0.11.4"
        }
      },
      "Avalonia.Angle.Windows.Natives": {
        "type": "Transitive",
        "resolved": "2.1.27548.20260419",
        "contentHash": "l17nI3XVDN3oMnpjf2pnmJg0YTwK4m6NLsn/itAjDMdObTFxN77D5F1M9sRMSfViSY3KKcse1ROczwgoWLJsnA=="
      },
      "Avalonia.BuildServices": {
        "type": "Transitive",
        "resolved": "11.3.2",
        "contentHash": "qHDToxto1e3hci5YqbG9n0Ty8mlp3zBUN5wT66wKqaDVzXyQ0do3EnRILd4Ke9jpvsktaPpgE0YjEk7hornryQ=="
      },
      "Avalonia.Controls.ColorPicker": {
        "type": "Transitive",
        "resolved": "12.0.3",
        "contentHash": "Hb6AyDVpMrNaV8T14DJ9WjV64x4SXpZzhZag212Uyfyc+ZYqpbBWaptGRlalwP2hdML++ThTTqGRvbYyY6A2Vw==",
        "dependencies": {
          "Avalonia": "12.0.3",
          "Avalonia.Remote.Protocol": "12.0.3"
        }
      },
      "Avalonia.Controls.DataGrid": {
        "type": "Transitive",
        "resolved": "12.0.0",
        "contentHash": "pQ9NiviIoxbZ7fiD/KTdoEHRgdKibKtx8Low3nTrU6ZbvULtesuB65aLL/umjibsGMhzPOveqs/om98QAA5FMg==",
        "dependencies": {
          "Avalonia": "12.0.0"
        }
      },
      "Avalonia.Desktop": {
        "type": "Transitive",
        "resolved": "12.0.5",
        "contentHash": "L4bTMshYrhjSKu09Q60OHN1+Lfr9z7JsyRL6rfj3iQfjWm+5gsTl2viz5gyzDUgc/U5A7gf57e1spEX+nE/7zg==",
        "dependencies": {
          "Avalonia": "12.0.5",
          "Avalonia.HarfBuzz": "12.0.5",
          "Avalonia.Native": "12.0.5",
          "Avalonia.Skia": "12.0.5",
          "Avalonia.Win32": "12.0.5",
          "Avalonia.X11": "12.0.5"
        }
      },
      "Avalonia.FreeDesktop": {
        "type": "Transitive",
        "resolved": "12.0.5",
        "contentHash": "51IiLrfyJdMtmVTiXiEi1q1nXS5KAMYvFNeovlwKSuTgY/agBevnfBTY+DnKnIjZMdXWWKVGJJh7MldMkPc14w==",
        "dependencies": {
          "Avalonia": "12.0.5",
          "Tmds.DBus.Protocol": "0.92.0"
        }
      },
      "Avalonia.FreeDesktop.AtSpi": {
        "type": "Transitive",
        "resolved": "12.0.5",
        "contentHash": "IrsjB1QpzXwgdnkpG6ejGxSaHp0sRrq3rZlrzRyhwEGllAxcOeUuQpq8/OrO3OUJLxXtxlsM4ku17v+7q7xGKQ==",
        "dependencies": {
          "Avalonia": "12.0.5"
        }
      },
      "Avalonia.HarfBuzz": {
        "type": "Transitive",
        "resolved": "12.0.5",
        "contentHash": "jR8i/fgrmAKEp0T3iLqfKCoEDJV9ODVzN+8bofM2guEr05eaXbx6iXZxcjh0nDK4UbK0akYDgBfAgyHoatqGjg==",
        "dependencies": {
          "Avalonia": "12.0.5",
          "HarfBuzzSharp": "8.3.1.3",
          "HarfBuzzSharp.NativeAssets.Linux": "8.3.1.3",
          "HarfBuzzSharp.NativeAssets.WebAssembly": "8.3.1.3"
        }
      },
      "Avalonia.Native": {
        "type": "Transitive",
        "resolved": "12.0.5",
        "contentHash": "m6qn0UGMI/b4cFfJ8id8sPYLotc7szhZdexPCKY+kIvGlx6Ln0VjNejRMiJDZ4S91q6nbKJL/YmfPd8UruTNjQ==",
        "dependencies": {
          "Avalonia": "12.0.5"
        }
      },
      "Avalonia.Remote.Protocol": {
        "type": "Transitive",
        "resolved": "12.0.5",
        "contentHash": "/S4T1uZzXvPpN0Sqs44u3Rl5/qCZHHefRK7xyORONHH1w60IfsfsE5RbwFSku7qmib1DsGZZXxtweJq24ERfbg=="
      },
      "Avalonia.Skia": {
        "type": "Transitive",
        "resolved": "12.0.5",
        "contentHash": "cSLTpvzsm5JpUA1tQvuht3qN6oiy1PNRgbrp1g7jCSzAFf+OKZecSne+KT1apBQUkevciaHxwtAxLolPGD9izg==",
        "dependencies": {
          "Avalonia": "12.0.5",
          "HarfBuzzSharp": "8.3.1.3",
          "HarfBuzzSharp.NativeAssets.Linux": "8.3.1.3",
          "HarfBuzzSharp.NativeAssets.WebAssembly": "8.3.1.3",
          "SkiaSharp": "3.119.4",
          "SkiaSharp.NativeAssets.Linux": "3.119.4",
          "SkiaSharp.NativeAssets.WebAssembly": "3.119.4"
        }
      },
      "Avalonia.Themes.Simple": {
        "type": "Transitive",
        "resolved": "12.0.3",
        "contentHash": "lDcmXMMLIF7Qd6N4+h+hO9PwcbaJWZv5P0ShKV0Qamu11ZWxOQECkXff/djjvXmgjBkmm7pucWgf6oUGn5Qprg==",
        "dependencies": {
          "Avalonia": "12.0.3"
        }
      },
      "Avalonia.Win32": {
        "type": "Transitive",
        "resolved": "12.0.5",
        "contentHash": "ZY1ZLXQdQqlz9GUZGXK+73kTFgKzygPbGk/gHfROUWLr2aBh1kOA1KY5xB7/cSSY+egDr+IGSjsQbgS8eSu9Tg==",
        "dependencies": {
          "Avalonia": "12.0.5",
          "Avalonia.Angle.Windows.Natives": "2.1.27548.20260419"
        }
      },
      "Avalonia.X11": {
        "type": "Transitive",
        "resolved": "12.0.5",
        "contentHash": "6OyZa5ehNbzd7JWiVbGdjuzdsgy2Rgibtwczmh7hKnePxLmOqeSL+hQ6vHanSx246TpSBKDPvjqwW7NuQrmAJg==",
        "dependencies": {
          "Avalonia": "12.0.5",
          "Avalonia.FreeDesktop": "12.0.5",
          "Avalonia.FreeDesktop.AtSpi": "12.0.5",
          "Avalonia.Skia": "12.0.5"
        }
      },
      "HarfBuzzSharp": {
        "type": "Transitive",
        "resolved": "8.3.1.3",
        "contentHash": "NGZ2+ZVNPM+NdHB/asW0/ykWngyHWwcqjrbN2nDeH1B/aptPGlCUl8wkQ2cSJxw5fdWgdmIPmNuTPWpLwNVXWg==",
        "dependencies": {
          "HarfBuzzSharp.NativeAssets.Win32": "8.3.1.3",
          "HarfBuzzSharp.NativeAssets.macOS": "8.3.1.3"
        }
      },
      "HarfBuzzSharp.NativeAssets.Linux": {
        "type": "Transitive",
        "resolved": "8.3.1.3",
        "contentHash": "RI6A1LgmooU30+4QIyFt5rmBCzP0VzTR+587IJSGvYIsHHWlahFufihYxtraLfsIhW7I8dn6+xX+DZGygOPKWQ=="
      },
      "HarfBuzzSharp.NativeAssets.macOS": {
        "type": "Transitive",
        "resolved": "8.3.1.3",
        "contentHash": "KPTq0xnslkI6nAo0jh3ptcQPJvZZr7MWYXa2jUe4SnHc9q+JlHElmNXp0sfFoiTgoCX7WOYpYsurypuH9Gehxw=="
      },
      "HarfBuzzSharp.NativeAssets.WebAssembly": {
        "type": "Transitive",
        "resolved": "8.3.1.3",
        "contentHash": "w2QfdNm9Uz/sUa0B5D+OnVQhyq3G/fBq6ibQMdWBlQqqwh0g0/5j3RFvYqZAmRZ5+RzvjVe8o8SFFnWYUSkuxA=="
      },
      "HarfBuzzSharp.NativeAssets.Win32": {
        "type": "Transitive",
        "resolved": "8.3.1.3",
        "contentHash": "bx8CE8Js+XGX8PUxAHCBDEORt5aaBYtMN4Hr9QFs57Xithh6yjUyYqksizH6eRDhJkwsGI+SXWmPmMm8lZC9Pw=="
      },
      "Maa.AgentBinary": {
        "type": "Transitive",
        "resolved": "1.2.0",
        "contentHash": "Gdl2wIX/1TmwII9PZQzh5He6/k/zjY0MjY6tDH9ovzCnTSKYNvFVVvPWqVgjQ7hRWZYF4nX9lPqAJyGZfI47TA=="
      },
      "Maa.Framework": {
        "type": "Transitive",
        "resolved": "5.13.0-preview.1",
        "contentHash": "3e0nzZ6jSXsECwx8aJM7c/olz20pU0W85CT19Kms9s+JJENmeKZHB1gr2Y0jxFd0kQMM4hcMBJNCtijonPWb9w==",
        "dependencies": {
          "Maa.Framework.Native": "5.13.0-preview.1",
          "Maa.Framework.Runtimes": "5.10.5"
        }
      },
      "Maa.Framework.Binding": {
        "type": "Transitive",
        "resolved": "5.13.0-preview.1",
        "contentHash": "xYaJ7wxJN692w/HfWABugyu06DFyr5LEEkFjBQ0Q1k1/BTOGdbPZt4GeFPNiuO/QAHP9l0oNDiRLh3zoypXxFQ=="
      },
      "Maa.Framework.Binding.Native": {
        "type": "Transitive",
        "resolved": "5.13.0-preview.1",
        "contentHash": "nHWDgJiB73qC2HtbRoqmhLQJFdZ+zbaci5TvrywDaKw7G3CU5hj+6rrrlO2JlUD2K80M8mf5q5JO9WROEf2Q/g==",
        "dependencies": {
          "Maa.Framework.Binding": "5.13.0-preview.1"
        }
      },
      "Maa.Framework.Native": {
        "type": "Transitive",
        "resolved": "5.13.0-preview.1",
        "contentHash": "arR+2Gn/aAm95YohgSFAaxQDvI0TWFcxwQfRHcQFqjArckMQbKwTVOBxjp4cRAZVRSQgPWS/PyH7X80ZN7BT+Q==",
        "dependencies": {
          "Maa.AgentBinary": "1.2.0",
          "Maa.Framework.Binding.Native": "5.13.0-preview.1"
        }
      },
      "Maa.Framework.Runtime.linux-arm64": {
        "type": "Transitive",
        "resolved": "5.13.0-beta.5",
        "contentHash": "coEG/kC4eWqh4Utg+RI0xAuAKtk7lHRBdSSoZwhw3Ka+4b4hdhN33Boc8KVOIi5h4vnyU5WVeEKxAjCgtrkz3g=="
      },
      "Maa.Framework.Runtime.linux-x64": {
        "type": "Transitive",
        "resolved": "5.13.0-beta.5",
        "contentHash": "lVuTrlp3jHfbqq/dsXpE/LML4ObdvHEOvh69/5wQXVpXSkQmlkvlzGh3bO3fppp3g/ymap6tLBrO7KqEe0Apkg=="
      },
      "Maa.Framework.Runtime.osx-arm64": {
        "type": "Transitive",
        "resolved": "5.13.0-beta.5",
        "contentHash": "QxJCqgJFJ4P38XE144lwhn2GA4xKhgp4TqWtKTjKgIPcD/q2T5JYBu3aAn91gX1iZDj6etlRwCyOw26fxoV/Jg=="
      },
      "Maa.Framework.Runtime.osx-x64": {
        "type": "Transitive",
        "resolved": "5.13.0-beta.5",
        "contentHash": "KBt7LR9mfhSG8kA1zrDXyvY3h6kLlIMeLs2bkgOJgyYou5Wr8pkw77OuYoc+CAMmVFlwoQV1kqHaMd1/fg3Zkg=="
      },
      "Maa.Framework.Runtime.win-arm64": {
        "type": "Transitive",
        "resolved": "5.13.0-beta.5",
        "contentHash": "K9JQGOIMcYHPeF3O6L+ynTTBU0BXu8CImQAUlatbbYnT8BJFGwnZS9a8sLA0YcWFzQWk9ePhr/0p8gpU7CBqRQ=="
      },
      "Maa.Framework.Runtime.win-x64": {
        "type": "Transitive",
        "resolved": "5.13.0-beta.5",
        "contentHash": "RsDA2LZM2+lIvVJUzGmamHKYn++M4DDubeHtvYm+0TwNdXpzHE7bDzCF8fhKMHO0mI1XjYRQGyeFMEF6L2KFLg=="
      },
      "Maa.Framework.Runtimes": {
        "type": "Transitive",
        "resolved": "5.13.0-beta.5",
        "contentHash": "gbhyNXgghJvQgMajPOZNDRhs3+AhlksHIeUs4Inoo5x7rmPQGrVuG1RRZveIgUt5xUM62WrPnvHFZ/zyC4NNyA==",
        "dependencies": {
          "Maa.Framework.Runtime.linux-arm64": "5.13.0-beta.5",
          "Maa.Framework.Runtime.linux-x64": "5.13.0-beta.5",
          "Maa.Framework.Runtime.osx-arm64": "5.13.0-beta.5",
          "Maa.Framework.Runtime.osx-x64": "5.13.0-beta.5",
          "Maa.Framework.Runtime.win-arm64": "5.13.0-beta.5",
          "Maa.Framework.Runtime.win-x64": "5.13.0-beta.5"
        }
      },
      "MicroCom.Runtime": {
        "type": "Transitive",
        "resolved": "0.11.4",
        "contentHash": "yZ8+Lgwo+KtRI29TB2mIOEMzV+csMJ+pKZg4YHReAP3vRewWLKKeYfrBDo5FS69rWnEbCfU3sbM+ZEQr+GDLtg=="
      },
      "SkiaSharp": {
        "type": "Transitive",
        "resolved": "3.119.4",
        "contentHash": "53NOSUZ1Us+91Sm0uCkIivh/k7jOowRErZT2sIWwPFN9mLUvdxnE6rS4sWo4255+Rd2MWUSF+j0NMZHD6Cke+Q==",
        "dependencies": {
          "SkiaSharp.NativeAssets.Win32": "3.119.4",
          "SkiaSharp.NativeAssets.macOS": "3.119.4"
        }
      },
      "SkiaSharp.NativeAssets.Linux": {
        "type": "Transitive",
        "resolved": "3.119.4",
        "contentHash": "UAyVzbqNfZsZbKbzj68zXLyUyF/SbTKmzTfOO6qDu++dtIUMMTzPBe8oOuzU/DiewpfKoUUlOSsJmqWc6blxBw=="
      },
      "SkiaSharp.NativeAssets.macOS": {
        "type": "Transitive",
        "resolved": "3.119.4",
        "contentHash": "fgBOWEqbY012x7gMfJU4ezgz6dfhJb30Z6YdW35h85Zoe39+a8YNbAAwL29ihPfWoppg5AjvyKNzD1oCvlqWwA=="
      },
      "SkiaSharp.NativeAssets.WebAssembly": {
        "type": "Transitive",
        "resolved": "3.119.4",
        "contentHash": "S1HOxtBbD4bYDtA2e9WH5TX+lxqRrTPvKjrjttRhxnHNNu7YY8VFo/LeCP7tNqoTA6PV+8vsvNbmRUEC2ip8RQ=="
      },
      "SkiaSharp.NativeAssets.Win32": {
        "type": "Transitive",
        "resolved": "3.119.4",
        "contentHash": "XOpbx/4CReO2wYsq2s6rbvdauc6dntG4Zv499sHGTJ87bwZaFXszFkwql3+FIZMc8kUPeaj3Mx2ezIJmo8a1Kg=="
      },
      "SukiUI": {
        "type": "Transitive",
        "resolved": "7.0.1",
        "contentHash": "uHElStR7RyzDalq+yCbQDwD3NyxF2qdJet+FNR//9xlAV+s8Y4GieA8ZJEJYm1kdHLHrwaSqSwiIMr2kJ2bReg==",
        "dependencies": {
          "Avalonia": "12.0.3",
          "Avalonia.Controls.ColorPicker": "12.0.3",
          "Avalonia.Controls.DataGrid": "12.0.0",
          "Avalonia.Skia": "12.0.3",
          "Avalonia.Themes.Simple": "12.0.3",
          "System.Linq.Dynamic.Core": "1.7.2"
        }
      },
      "System.IO.Pipelines": {
        "type": "Transitive",
        "resolved": "8.0.0",
        "contentHash": "FHNOatmUq0sqJOkTx+UF/9YK1f180cnW5FVqnQMvYUN0elp6wFzbtPSiqbo1/ru8ICp43JM1i7kKkk6GsNGHlA=="
      },
      "System.Linq.Dynamic.Core": {
        "type": "Transitive",
        "resolved": "1.7.2",
        "contentHash": "11SGBy8DCywOVElSs2J+Cd4WFHruFrBnaaQ86q2HWHBGcCAQDLnbA0ivpFvMeXGPqcEPE+Q3HZtXaXN4F8JLQg=="
      },
      "Tmds.DBus.Protocol": {
        "type": "Transitive",
        "resolved": "0.92.0",
        "contentHash": "h7IMakm0PF2jxiagoysoAjrzzLQ0UBdnSXQL5kb17YW0Fvyo12Tg96A99QkzwktWRrd7H+Uw9EzjasNLUfGYlA==",
        "dependencies": {
          "System.IO.Pipelines": "8.0.0"
        }
      },
      "rhodessuki": {
        "type": "Project",
        "dependencies": {
          "Avalonia": "[12.0.5, )",
          "Avalonia.Desktop": "[12.0.5, )",
          "Maa.Framework": "[5.13.0-preview.1, )",
          "Maa.Framework.Runtimes": "[5.13.0-beta.5, )",
          "SukiUI": "[7.0.1, )"
        }
      }
    }
  }
}